
Microsoft Visual Studio Solution File, Format Version 12.00
# Visual Studio 15
VisualStudioVersion = 15.0.27703.2000
MinimumVisualStudioVersion = 10.0.40219.1
Project("{9A19103F-16F7-4668-BE54-9A1E7A4F7556}") = "Gratify.API", "Gratify.API\Gratify.API.csproj", "{B424B231-B846-43EB-8221-DC0A4CCD8670}"
EndProject
Project("{9A19103F-16F7-4668-BE54-9A1E7A4F7556}") = "Gratify.Models", "Gratify.Models\Gratify.Models.csproj", "{D52B8C22-AEAD-42C1-AF98-138755EFD533}"
EndProject
Project("{9A19103F-16F7-4668-BE54-9A1E7A4F7556}") = "Gratify.UI", "Gratify.UI\Gratify.UI.csproj", "{B36D3CE8-F8F7-4EB5-9DD1-6C40C9793AA0}"
EndProject
Global
	GlobalSection(SolutionConfigurationPlatforms) = preSolution
		Debug|Any CPU = Debug|Any CPU
		Release|Any CPU = Release|Any CPU
	EndGlobalSection
	GlobalSection(ProjectConfigurationPlatforms) = postSolution
		{B424B231-B846-43EB-8221-DC0A4CCD8670}.Debug|Any CPU.ActiveCfg = Debug|Any CPU
		{B424B231-B846-43EB-8221-DC0A4CCD8670}.Debug|Any CPU.Build.0 = Debug|Any CPU
		{B424B231-B846-43EB-8221-DC0A4CCD8670}.Release|Any CPU.ActiveCfg = Release|Any CPU
		{B424B231-B846-43EB-8221-DC0A4CCD8670}.Release|Any CPU.Build.0 = Release|Any CPU
		{D52B8C22-AEAD-42C1-AF98-138755EFD533}.Debug|Any CPU.ActiveCfg = Debug|Any CPU
		{D52B8C22-AEAD-42C1-AF98-138755EFD533}.Debug|Any CPU.Build.0 = Debug|Any CPU
		{D52B8C22-AEAD-42C1-AF98-138755EFD533}.Release|Any CPU.ActiveCfg = Release|Any CPU
		{D52B8C22-AEAD-42C1-AF98-138755EFD533}.Release|Any CPU.Build.0 = Release|Any CPU
		{B36D3CE8-F8F7-4EB5-9DD1-6C40C9793AA0}.Debug|Any CPU.ActiveCfg = Debug|Any CPU
		{B36D3CE8-F8F7-4EB5-9DD1-6C40C9793AA0}.Debug|Any CPU.Build.0 = Debug|Any CPU
		{B36D3CE8-F8F7-4EB5-9DD1-6C40C9793AA0}.Release|Any CPU.ActiveCfg = Release|Any CPU
		{B36D3CE8-F8F7-4EB5-9DD1-6C40C9793AA0}.Release|Any CPU.Build.0 = Release|Any CPU
	EndGlobalSection
	GlobalSection(SolutionProperties) = preSolution
		HideSolutionNode = FALSE
	EndGlobalSection
	GlobalSection(ExtensibilityGlobals) = postSolution
		SolutionGuid = {5C1D1B25-FF96-4743-A881-83B9E3ECBD8A}
	EndGlobalSection
EndGlobal
